
Microsoft Visual Studio Solution File, Format Version 12.00
# Visual Studio Version 17
VisualStudioVersion = 17.9.34616.47
MinimumVisualStudioVersion = 10.0.40219.1
Project("{9A19103F-16F7-4668-BE54-9A1E7A4F7556}") = "AccountProvider", "AccountProvider\AccountProvider.csproj", "{BB62E5F2-0028-4EAE-8AE3-A640A312A711}"
EndProject
Project("{9A19103F-16F7-4668-BE54-9A1E7A4F7556}") = "Data", "Data\Data.csproj", "{2974730E-0588-4E16-A200-E0986743DD02}"
EndProject
Global
	GlobalSection(SolutionConfigurationPlatforms) = preSolution
		Debug|Any CPU = Debug|Any CPU
		Release|Any CPU = Release|Any CPU
	EndGlobalSection
	GlobalSection(ProjectConfigurationPlatforms) = postSolution
		{BB62E5F2-0028-4EAE-8AE3-A640A312A711}.Debug|Any CPU.ActiveCfg = Debug|Any CPU
		{BB62E5F2-0028-4EAE-8AE3-A640A312A711}.Debug|Any CPU.Build.0 = Debug|Any CPU
		{BB62E5F2-0028-4EAE-8AE3-A640A312A711}.Release|Any CPU.ActiveCfg = Release|Any CPU
		{BB62E5F2-0028-4EAE-8AE3-A640A312A711}.Release|Any CPU.Build.0 = Release|Any CPU
		{2974730E-0588-4E16-A200-E0986743DD02}.Debug|Any CPU.ActiveCfg = Debug|Any CPU
		{2974730E-0588-4E16-A200-E0986743DD02}.Debug|Any CPU.Build.0 = Debug|Any CPU
		{2974730E-0588-4E16-A200-E0986743DD02}.Release|Any CPU.ActiveCfg = Release|Any CPU
		{2974730E-0588-4E16-A200-E0986743DD02}.Release|Any CPU.Build.0 = Release|Any CPU
	EndGlobalSection
	GlobalSection(SolutionProperties) = preSolution
		HideSolutionNode = FALSE
	EndGlobalSection
	GlobalSection(ExtensibilityGlobals) = postSolution
		SolutionGuid = {DE2C5568-F6DF-4FD3-92C0-85E6B6B165B4}
	EndGlobalSection
EndGlobal
